
Microsoft Visual Studio Solution File, Format Version 12.00
Project("{FAE04EC0-301F-11D3-BF4B-00C04F79EFBC}") = "Auth.Aspire.Tests", "tests\Auth.Aspire.Tests\Auth.Aspire.Tests.csproj", "{F5FB41C1-7D0E-40B4-9ABB-AF446833EA93}"
EndProject
Project("{FAE04EC0-301F-11D3-BF4B-00C04F79EFBC}") = "Auth.IntegrationTests", "tests\Auth.IntegrationTests\Auth.IntegrationTests.csproj", "{D1C46943-DDF7-40EB-A752-EBB49D3C6125}"
EndProject
Project("{FAE04EC0-301F-11D3-BF4B-00C04F79EFBC}") = "Auth.UnitTests", "tests\Auth.UnitTests\Auth.UnitTests.csproj", "{37F0F262-1EC3-4056-A436-99ADEA2BF08D}"
EndProject
Project("{FAE04EC0-301F-11D3-BF4B-00C04F79EFBC}") = "Auth.FunctionalTests", "tests\Auth.FunctionalTests\Auth.FunctionalTests.csproj", "{61BF7622-0D82-4D8A-AFF3-2DA7A0EB8001}"
EndProject
Project("{FAE04EC0-301F-11D3-BF4B-00C04F79EFBC}") = "Auth.Web", "src\Auth.Web\Auth.Web.csproj", "{5558F584-8E84-4FD5-8034-9D04C0BCF49E}"
EndProject
Project("{FAE04EC0-301F-11D3-BF4B-00C04F79EFBC}") = "Auth.AspireHost", "src\Auth.AspireHost\Auth.AspireHost.csproj", "{EE060859-3176-4841-9B58-7F33B4F08CAB}"
EndProject
Project("{FAE04EC0-301F-11D3-BF4B-00C04F79EFBC}") = "Auth.Infrastructure", "src\Auth.Infrastructure\Auth.Infrastructure.csproj", "{74CE546A-82F4-408A-B436-783F2E0EAEAD}"
EndProject
Project("{FAE04EC0-301F-11D3-BF4B-00C04F79EFBC}") = "Auth.Core", "src\Auth.Core\Auth.Core.csproj", "{7805ABD1-2378-4FB7-BDF7-07CEF704F428}"
EndProject
Project("{FAE04EC0-301F-11D3-BF4B-00C04F79EFBC}") = "Auth.ServiceDefaults", "src\Auth.ServiceDefaults\Auth.ServiceDefaults.csproj", "{BC6235A6-B250-4030-B417-7ACDAB5EBF46}"
EndProject
Project("{FAE04EC0-301F-11D3-BF4B-00C04F79EFBC}") = "Auth.UseCases", "src\Auth.UseCases\Auth.UseCases.csproj", "{77CD2AFA-A8B9-4C4A-B1C1-250CCB20EBEE}"
EndProject
Project("{2150E333-8FDC-42A3-9474-1A3956D46DE8}") = "src", "src", "BDC4D466-23C1-4B35-B616-CAF69C592B04"
EndProject
Project("{2150E333-8FDC-42A3-9474-1A3956D46DE8}") = "tests", "tests", "05823D3B-3002-4E83-9DBA-DDE43E49F209"
EndProject
Project("{2150E333-8FDC-42A3-9474-1A3956D46DE8}") = "SolutionItems", "SolutionItems", "11A75449-11EB-4F76-A973-AC7F828D5AE6"
	ProjectSection(SolutionItems) = preProject
		.editorconfig = .editorconfig
		Directory.Build.props = Directory.Build.props
		Directory.Packages.props = Directory.Packages.props
		stylecop.json = stylecop.json
	EndProjectSection
EndProject
Global
	GlobalSection(SolutionConfigurationPlatforms) = preSolution
		Debug|Any CPU = Debug|Any CPU
		Release|Any CPU = Release|Any CPU
	EndGlobalSection
	GlobalSection(ProjectConfigurationPlatforms) = postSolution
		{F5FB41C1-7D0E-40B4-9ABB-AF446833EA93}.Debug|Any CPU.ActiveCfg = Debug|Any CPU
		{F5FB41C1-7D0E-40B4-9ABB-AF446833EA93}.Debug|Any CPU.Build.0 = Debug|Any CPU
		{F5FB41C1-7D0E-40B4-9ABB-AF446833EA93}.Release|Any CPU.ActiveCfg = Release|Any CPU
		{F5FB41C1-7D0E-40B4-9ABB-AF446833EA93}.Release|Any CPU.Build.0 = Release|Any CPU
		{D1C46943-DDF7-40EB-A752-EBB49D3C6125}.Debug|Any CPU.ActiveCfg = Debug|Any CPU
		{D1C46943-DDF7-40EB-A752-EBB49D3C6125}.Debug|Any CPU.Build.0 = Debug|Any CPU
		{D1C46943-DDF7-40EB-A752-EBB49D3C6125}.Release|Any CPU.ActiveCfg = Release|Any CPU
		{D1C46943-DDF7-40EB-A752-EBB49D3C6125}.Release|Any CPU.Build.0 = Release|Any CPU
		{37F0F262-1EC3-4056-A436-99ADEA2BF08D}.Debug|Any CPU.ActiveCfg = Debug|Any CPU
		{37F0F262-1EC3-4056-A436-99ADEA2BF08D}.Debug|Any CPU.Build.0 = Debug|Any CPU
		{37F0F262-1EC3-4056-A436-99ADEA2BF08D}.Release|Any CPU.ActiveCfg = Release|Any CPU
		{37F0F262-1EC3-4056-A436-99ADEA2BF08D}.Release|Any CPU.Build.0 = Release|Any CPU
		{61BF7622-0D82-4D8A-AFF3-2DA7A0EB8001}.Debug|Any CPU.ActiveCfg = Debug|Any CPU
		{61BF7622-0D82-4D8A-AFF3-2DA7A0EB8001}.Debug|Any CPU.Build.0 = Debug|Any CPU
		{61BF7622-0D82-4D8A-AFF3-2DA7A0EB8001}.Release|Any CPU.ActiveCfg = Release|Any CPU
		{61BF7622-0D82-4D8A-AFF3-2DA7A0EB8001}.Release|Any CPU.Build.0 = Release|Any CPU
		{5558F584-8E84-4FD5-8034-9D04C0BCF49E}.Debug|Any CPU.ActiveCfg = Debug|Any CPU
		{5558F584-8E84-4FD5-8034-9D04C0BCF49E}.Debug|Any CPU.Build.0 = Debug|Any CPU
		{5558F584-8E84-4FD5-8034-9D04C0BCF49E}.Release|Any CPU.ActiveCfg = Release|Any CPU
		{5558F584-8E84-4FD5-8034-9D04C0BCF49E}.Release|Any CPU.Build.0 = Release|Any CPU
		{EE060859-3176-4841-9B58-7F33B4F08CAB}.Debug|Any CPU.ActiveCfg = Debug|Any CPU
		{EE060859-3176-4841-9B58-7F33B4F08CAB}.Debug|Any CPU.Build.0 = Debug|Any CPU
		{EE060859-3176-4841-9B58-7F33B4F08CAB}.Release|Any CPU.ActiveCfg = Release|Any CPU
		{EE060859-3176-4841-9B58-7F33B4F08CAB}.Release|Any CPU.Build.0 = Release|Any CPU
		{74CE546A-82F4-408A-B436-783F2E0EAEAD}.Debug|Any CPU.ActiveCfg = Debug|Any CPU
		{74CE546A-82F4-408A-B436-783F2E0EAEAD}.Debug|Any CPU.Build.0 = Debug|Any CPU
		{74CE546A-82F4-408A-B436-783F2E0EAEAD}.Release|Any CPU.ActiveCfg = Release|Any CPU
		{74CE546A-82F4-408A-B436-783F2E0EAEAD}.Release|Any CPU.Build.0 = Release|Any CPU
		{7805ABD1-2378-4FB7-BDF7-07CEF704F428}.Debug|Any CPU.ActiveCfg = Debug|Any CPU
		{7805ABD1-2378-4FB7-BDF7-07CEF704F428}.Debug|Any CPU.Build.0 = Debug|Any CPU
		{7805ABD1-2378-4FB7-BDF7-07CEF704F428}.Release|Any CPU.ActiveCfg = Release|Any CPU
		{7805ABD1-2378-4FB7-BDF7-07CEF704F428}.Release|Any CPU.Build.0 = Release|Any CPU
		{BC6235A6-B250-4030-B417-7ACDAB5EBF46}.Debug|Any CPU.ActiveCfg = Debug|Any CPU
		{BC6235A6-B250-4030-B417-7ACDAB5EBF46}.Debug|Any CPU.Build.0 = Debug|Any CPU
		{BC6235A6-B250-4030-B417-7ACDAB5EBF46}.Release|Any CPU.ActiveCfg = Release|Any CPU
		{BC6235A6-B250-4030-B417-7ACDAB5EBF46}.Release|Any CPU.Build.0 = Release|Any CPU
		{77CD2AFA-A8B9-4C4A-B1C1-250CCB20EBEE}.Debug|Any CPU.ActiveCfg = Debug|Any CPU
		{77CD2AFA-A8B9-4C4A-B1C1-250CCB20EBEE}.Debug|Any CPU.Build.0 = Debug|Any CPU
		{77CD2AFA-A8B9-4C4A-B1C1-250CCB20EBEE}.Release|Any CPU.ActiveCfg = Release|Any CPU
		{77CD2AFA-A8B9-4C4A-B1C1-250CCB20EBEE}.Release|Any CPU.Build.0 = Release|Any CPU
	EndGlobalSection
	GlobalSection(NestedProjects) = preSolution
		{5558F584-8E84-4FD5-8034-9D04C0BCF49E} = BDC4D466-23C1-4B35-B616-CAF69C592B04
		{EE060859-3176-4841-9B58-7F33B4F08CAB} = BDC4D466-23C1-4B35-B616-CAF69C592B04
		{74CE546A-82F4-408A-B436-783F2E0EAEAD} = BDC4D466-23C1-4B35-B616-CAF69C592B04
		{7805ABD1-2378-4FB7-BDF7-07CEF704F428} = BDC4D466-23C1-4B35-B616-CAF69C592B04
		{BC6235A6-B250-4030-B417-7ACDAB5EBF46} = BDC4D466-23C1-4B35-B616-CAF69C592B04
		{77CD2AFA-A8B9-4C4A-B1C1-250CCB20EBEE} = BDC4D466-23C1-4B35-B616-CAF69C592B04
		{F5FB41C1-7D0E-40B4-9ABB-AF446833EA93} = 05823D3B-3002-4E83-9DBA-DDE43E49F209
		{D1C46943-DDF7-40EB-A752-EBB49D3C6125} = 05823D3B-3002-4E83-9DBA-DDE43E49F209
		{37F0F262-1EC3-4056-A436-99ADEA2BF08D} = 05823D3B-3002-4E83-9DBA-DDE43E49F209
		{61BF7622-0D82-4D8A-AFF3-2DA7A0EB8001} = 05823D3B-3002-4E83-9DBA-DDE43E49F209
	EndGlobalSection
EndGlobal
